
Microsoft Visual Studio Solution File, Format Version 12.00
# Visual Studio Version 17
VisualStudioVersion = 17.10.35013.160
MinimumVisualStudioVersion = 10.0.40219.1
Project("{FAE04EC0-301F-11D3-BF4B-00C04F79EFBC}") = "Nlayer.Core", "Nlayer.Core\Nlayer.Core.csproj", "{5D818A95-FA21-4765-BA66-F3D391CAE95C}"
EndProject
Project("{FAE04EC0-301F-11D3-BF4B-00C04F79EFBC}") = "Nlayer.Data", "Nlayer.Data\Nlayer.Data.csproj", "{0D3B22FB-FCEC-44C2-92CF-78DA18F4A10C}"
EndProject
Project("{FAE04EC0-301F-11D3-BF4B-00C04F79EFBC}") = "Nlayer.Service", "Nlayer.Service\Nlayer.Service.csproj", "{6E5DFC55-4DBE-4F7A-A944-0EA8718A4A95}"
EndProject
Project("{FAE04EC0-301F-11D3-BF4B-00C04F79EFBC}") = "Nlayer.API", "Nlayer.API\Nlayer.API.csproj", "{BDF21DD6-CE02-4BBD-8F81-E88B6C0C2ECF}"
EndProject
Project("{FAE04EC0-301F-11D3-BF4B-00C04F79EFBC}") = "Nlayer.Web", "Nlayer.Web\Nlayer.Web.csproj", "{BFE5CA11-E13B-4B05-9A95-AA386857D3D2}"
EndProject
Project("{FAE04EC0-301F-11D3-BF4B-00C04F79EFBC}") = "Nlayer.Caching", "Nlayer.Caching\Nlayer.Caching.csproj", "{4984C212-F90D-4034-B5B6-715D8F5444E7}"
EndProject
Global
	GlobalSection(SolutionConfigurationPlatforms) = preSolution
		Debug|Any CPU = Debug|Any CPU
		Release|Any CPU = Release|Any CPU
	EndGlobalSection
	GlobalSection(ProjectConfigurationPlatforms) = postSolution
		{5D818A95-FA21-4765-BA66-F3D391CAE95C}.Debug|Any CPU.ActiveCfg = Debug|Any CPU
		{5D818A95-FA21-4765-BA66-F3D391CAE95C}.Debug|Any CPU.Build.0 = Debug|Any CPU
		{5D818A95-FA21-4765-BA66-F3D391CAE95C}.Release|Any CPU.ActiveCfg = Release|Any CPU
		{5D818A95-FA21-4765-BA66-F3D391CAE95C}.Release|Any CPU.Build.0 = Release|Any CPU
		{0D3B22FB-FCEC-44C2-92CF-78DA18F4A10C}.Debug|Any CPU.ActiveCfg = Debug|Any CPU
		{0D3B22FB-FCEC-44C2-92CF-78DA18F4A10C}.Debug|Any CPU.Build.0 = Debug|Any CPU
		{0D3B22FB-FCEC-44C2-92CF-78DA18F4A10C}.Release|Any CPU.ActiveCfg = Release|Any CPU
		{0D3B22FB-FCEC-44C2-92CF-78DA18F4A10C}.Release|Any CPU.Build.0 = Release|Any CPU
		{6E5DFC55-4DBE-4F7A-A944-0EA8718A4A95}.Debug|Any CPU.ActiveCfg = Debug|Any CPU
		{6E5DFC55-4DBE-4F7A-A944-0EA8718A4A95}.Debug|Any CPU.Build.0 = Debug|Any CPU
		{6E5DFC55-4DBE-4F7A-A944-0EA8718A4A95}.Release|Any CPU.ActiveCfg = Release|Any CPU
		{6E5DFC55-4DBE-4F7A-A944-0EA8718A4A95}.Release|Any CPU.Build.0 = Release|Any CPU
		{BDF21DD6-CE02-4BBD-8F81-E88B6C0C2ECF}.Debug|Any CPU.ActiveCfg = Debug|Any CPU
		{BDF21DD6-CE02-4BBD-8F81-E88B6C0C2ECF}.Debug|Any CPU.Build.0 = Debug|Any CPU
		{BDF21DD6-CE02-4BBD-8F81-E88B6C0C2ECF}.Release|Any CPU.ActiveCfg = Release|Any CPU
		{BDF21DD6-CE02-4BBD-8F81-E88B6C0C2ECF}.Release|Any CPU.Build.0 = Release|Any CPU
		{BFE5CA11-E13B-4B05-9A95-AA386857D3D2}.Debug|Any CPU.ActiveCfg = Debug|Any CPU
		{BFE5CA11-E13B-4B05-9A95-AA386857D3D2}.Debug|Any CPU.Build.0 = Debug|Any CPU
		{BFE5CA11-E13B-4B05-9A95-AA386857D3D2}.Release|Any CPU.ActiveCfg = Release|Any CPU
		{BFE5CA11-E13B-4B05-9A95-AA386857D3D2}.Release|Any CPU.Build.0 = Release|Any CPU
		{4984C212-F90D-4034-B5B6-715D8F5444E7}.Debug|Any CPU.ActiveCfg = Debug|Any CPU
		{4984C212-F90D-4034-B5B6-715D8F5444E7}.Debug|Any CPU.Build.0 = Debug|Any CPU
		{4984C212-F90D-4034-B5B6-715D8F5444E7}.Release|Any CPU.ActiveCfg = Release|Any CPU
		{4984C212-F90D-4034-B5B6-715D8F5444E7}.Release|Any CPU.Build.0 = Release|Any CPU
	EndGlobalSection
	GlobalSection(SolutionProperties) = preSolution
		HideSolutionNode = FALSE
	EndGlobalSection
	GlobalSection(ExtensibilityGlobals) = postSolution
		SolutionGuid = {3AEC5B91-5C91-4BB4-8709-0C34CCFD9F06}
	EndGlobalSection
EndGlobal
